
Microsoft Visual Studio Solution File, Format Version 12.00
# Visual Studio Version 17
VisualStudioVersion = 17.11.35312.102
MinimumVisualStudioVersion = 10.0.40219.1
Project("{FAE04EC0-301F-11D3-BF4B-00C04F79EFBC}") = "Db_Parti_Secim_Grfk_Istatistik", "Db_Parti_Secim_Grfk_Istatistik\Db_Parti_Secim_Grfk_Istatistik.csproj", "{D240DB22-4210-4C41-AE68-F2BDF05648C0}"
EndProject
Global
	GlobalSection(SolutionConfigurationPlatforms) = preSolution
		Debug|Any CPU = Debug|Any CPU
		Release|Any CPU = Release|Any CPU
	EndGlobalSection
	GlobalSection(ProjectConfigurationPlatforms) = postSolution
		{D240DB22-4210-4C41-AE68-F2BDF05648C0}.Debug|Any CPU.ActiveCfg = Debug|Any CPU
		{D240DB22-4210-4C41-AE68-F2BDF05648C0}.Debug|Any CPU.Build.0 = Debug|Any CPU
		{D240DB22-4210-4C41-AE68-F2BDF05648C0}.Release|Any CPU.ActiveCfg = Release|Any CPU
		{D240DB22-4210-4C41-AE68-F2BDF05648C0}.Release|Any CPU.Build.0 = Release|Any CPU
	EndGlobalSection
	GlobalSection(SolutionProperties) = preSolution
		HideSolutionNode = FALSE
	EndGlobalSection
	GlobalSection(ExtensibilityGlobals) = postSolution
		SolutionGuid = {3A19B972-712B-49B2-B505-5BCE83F478BF}
	EndGlobalSection
EndGlobal
